
Microsoft Visual Studio Solution File, Format Version 12.00
# Visual Studio Version 16
VisualStudioVersion = 16.0.31402.337
MinimumVisualStudioVersion = 10.0.40219.1
Project("{9A19103F-16F7-4668-BE54-9A1E7A4F7556}") = "LaraVi", "LaraVi\LaraVi.csproj", "{F3E8EABF-6542-4E35-833F-2534ED1EFB82}"
EndProject
Project("{9A19103F-16F7-4668-BE54-9A1E7A4F7556}") = "LaraViData", "LaraViData\LaraViData.csproj", "{CA5A55EA-AF5A-4DB3-A25F-5AC3E71C0DEB}"
EndProject
Project("{9A19103F-16F7-4668-BE54-9A1E7A4F7556}") = "LaraViEntities", "LaraViEntities\LaraViEntities.csproj", "{8B61F46E-9346-4F73-82E8-28C1B7747A31}"
EndProject
Project("{9A19103F-16F7-4668-BE54-9A1E7A4F7556}") = "LaraViRepositories", "LaraViRepositories\LaraViRepositories.csproj", "{1B50D972-6C9B-4F93-8336-DD8DBD1C7DB0}"
EndProject
Project("{9A19103F-16F7-4668-BE54-9A1E7A4F7556}") = "LaraViServices", "LaraViServices\LaraViServices.csproj", "{24808CF4-1921-4AFC-A1D3-7FAFC147E1BD}"
EndProject
Project("{FAE04EC0-301F-11D3-BF4B-00C04F79EFBC}") = "LaraViAPI", "LaraViAPI\LaraViAPI.csproj", "{5185DD4D-6C61-4234-82B6-4A2E55623A9C}"
EndProject
Global
	GlobalSection(SolutionConfigurationPlatforms) = preSolution
		Debug|Any CPU = Debug|Any CPU
		Release|Any CPU = Release|Any CPU
	EndGlobalSection
	GlobalSection(ProjectConfigurationPlatforms) = postSolution
		{F3E8EABF-6542-4E35-833F-2534ED1EFB82}.Debug|Any CPU.ActiveCfg = Debug|Any CPU
		{F3E8EABF-6542-4E35-833F-2534ED1EFB82}.Debug|Any CPU.Build.0 = Debug|Any CPU
		{F3E8EABF-6542-4E35-833F-2534ED1EFB82}.Release|Any CPU.ActiveCfg = Release|Any CPU
		{F3E8EABF-6542-4E35-833F-2534ED1EFB82}.Release|Any CPU.Build.0 = Release|Any CPU
		{CA5A55EA-AF5A-4DB3-A25F-5AC3E71C0DEB}.Debug|Any CPU.ActiveCfg = Debug|Any CPU
		{CA5A55EA-AF5A-4DB3-A25F-5AC3E71C0DEB}.Debug|Any CPU.Build.0 = Debug|Any CPU
		{CA5A55EA-AF5A-4DB3-A25F-5AC3E71C0DEB}.Release|Any CPU.ActiveCfg = Release|Any CPU
		{CA5A55EA-AF5A-4DB3-A25F-5AC3E71C0DEB}.Release|Any CPU.Build.0 = Release|Any CPU
		{8B61F46E-9346-4F73-82E8-28C1B7747A31}.Debug|Any CPU.ActiveCfg = Debug|Any CPU
		{8B61F46E-9346-4F73-82E8-28C1B7747A31}.Debug|Any CPU.Build.0 = Debug|Any CPU
		{8B61F46E-9346-4F73-82E8-28C1B7747A31}.Release|Any CPU.ActiveCfg = Release|Any CPU
		{8B61F46E-9346-4F73-82E8-28C1B7747A31}.Release|Any CPU.Build.0 = Release|Any CPU
		{1B50D972-6C9B-4F93-8336-DD8DBD1C7DB0}.Debug|Any CPU.ActiveCfg = Debug|Any CPU
		{1B50D972-6C9B-4F93-8336-DD8DBD1C7DB0}.Debug|Any CPU.Build.0 = Debug|Any CPU
		{1B50D972-6C9B-4F93-8336-DD8DBD1C7DB0}.Release|Any CPU.ActiveCfg = Release|Any CPU
		{1B50D972-6C9B-4F93-8336-DD8DBD1C7DB0}.Release|Any CPU.Build.0 = Release|Any CPU
		{24808CF4-1921-4AFC-A1D3-7FAFC147E1BD}.Debug|Any CPU.ActiveCfg = Debug|Any CPU
		{24808CF4-1921-4AFC-A1D3-7FAFC147E1BD}.Debug|Any CPU.Build.0 = Debug|Any CPU
		{24808CF4-1921-4AFC-A1D3-7FAFC147E1BD}.Release|Any CPU.ActiveCfg = Release|Any CPU
		{24808CF4-1921-4AFC-A1D3-7FAFC147E1BD}.Release|Any CPU.Build.0 = Release|Any CPU
		{5185DD4D-6C61-4234-82B6-4A2E55623A9C}.Debug|Any CPU.ActiveCfg = Debug|Any CPU
		{5185DD4D-6C61-4234-82B6-4A2E55623A9C}.Debug|Any CPU.Build.0 = Debug|Any CPU
		{5185DD4D-6C61-4234-82B6-4A2E55623A9C}.Release|Any CPU.ActiveCfg = Release|Any CPU
		{5185DD4D-6C61-4234-82B6-4A2E55623A9C}.Release|Any CPU.Build.0 = Release|Any CPU
	EndGlobalSection
	GlobalSection(SolutionProperties) = preSolution
		HideSolutionNode = FALSE
	EndGlobalSection
	GlobalSection(ExtensibilityGlobals) = postSolution
		SolutionGuid = {E70667E1-FB97-48E9-8F1C-E196FA8D009A}
	EndGlobalSection
EndGlobal
